
Microsoft Visual Studio Solution File, Format Version 12.00
# Visual Studio Version 17
VisualStudioVersion = 17.9.34728.123
MinimumVisualStudioVersion = 10.0.40219.1
Project("{FAE04EC0-301F-11D3-BF4B-00C04F79EFBC}") = "MegaDesk-Spendlove", "MegaDesk-Spendlove.csproj", "{02D7F3B8-6825-4D4F-B0FE-F126C9F95052}"
EndProject
Global
	GlobalSection(SolutionConfigurationPlatforms) = preSolution
		Debug|Any CPU = Debug|Any CPU
		Release|Any CPU = Release|Any CPU
	EndGlobalSection
	GlobalSection(ProjectConfigurationPlatforms) = postSolution
		{02D7F3B8-6825-4D4F-B0FE-F126C9F95052}.Debug|Any CPU.ActiveCfg = Debug|Any CPU
		{02D7F3B8-6825-4D4F-B0FE-F126C9F95052}.Debug|Any CPU.Build.0 = Debug|Any CPU
		{02D7F3B8-6825-4D4F-B0FE-F126C9F95052}.Release|Any CPU.ActiveCfg = Release|Any CPU
		{02D7F3B8-6825-4D4F-B0FE-F126C9F95052}.Release|Any CPU.Build.0 = Release|Any CPU
	EndGlobalSection
	GlobalSection(SolutionProperties) = preSolution
		HideSolutionNode = FALSE
	EndGlobalSection
	GlobalSection(ExtensibilityGlobals) = postSolution
		SolutionGuid = {90396DE4-D63C-47C9-BC5B-3F2927D25F2D}
	EndGlobalSection
EndGlobal
